
Microsoft Visual Studio Solution File, Format Version 12.00
# Visual Studio Version 17
VisualStudioVersion = 17.8.34330.188
MinimumVisualStudioVersion = 10.0.40219.1
Project("{FAE04EC0-301F-11D3-BF4B-00C04F79EFBC}") = "LoginwDb", "LoginwDb\LoginwDb.csproj", "{4BB499B1-2009-4B1D-8681-DFD9502F7101}"
EndProject
Global
	GlobalSection(SolutionConfigurationPlatforms) = preSolution
		Debug|Any CPU = Debug|Any CPU
		Release|Any CPU = Release|Any CPU
	EndGlobalSection
	GlobalSection(ProjectConfigurationPlatforms) = postSolution
		{4BB499B1-2009-4B1D-8681-DFD9502F7101}.Debug|Any CPU.ActiveCfg = Debug|Any CPU
		{4BB499B1-2009-4B1D-8681-DFD9502F7101}.Debug|Any CPU.Build.0 = Debug|Any CPU
		{4BB499B1-2009-4B1D-8681-DFD9502F7101}.Release|Any CPU.ActiveCfg = Release|Any CPU
		{4BB499B1-2009-4B1D-8681-DFD9502F7101}.Release|Any CPU.Build.0 = Release|Any CPU
	EndGlobalSection
	GlobalSection(SolutionProperties) = preSolution
		HideSolutionNode = FALSE
	EndGlobalSection
	GlobalSection(ExtensibilityGlobals) = postSolution
		SolutionGuid = {2DAEDF69-3648-4A75-82DF-0F1B6553B71C}
	EndGlobalSection
EndGlobal
